filippo.io/edwards25519 v1.1.1 h1:YpjwWWlNmGIDyXOn8zLzqiD+9TyIlPhGFG96P39uBpw=
filippo.io/edwards25519 v1.1.1/go.mod h1:BxyFTGdWcka3PhytdK4V28tE5sGfRvvvRV7EaN4VDT4=
github.com/libp2p/go-libp2p v0.36.5/go.mod h1:CpszAtXxHYOcyvB7K8rSHgnNlh21eKjYbEfLoMerbEI=
github.com/multiformats/go-multiaddr v0.13.0/go.mod h1:sBXrNzucqkFJhvKOiwwLyqamGa/P5EIXNPLovyhQCII=
